
Microsoft Visual Studio Solution File, Format Version 12.00
# Visual Studio Version 16
VisualStudioVersion = 16.0.29728.190
MinimumVisualStudioVersion = 10.0.40219.1
Project("{FAE04EC0-301F-11D3-BF4B-00C04F79EFBC}") = "messages", "messages.csproj", "{1386F7CA-D85C-4CB3-ADF9-9D245756F620}"
EndProject
Global
	GlobalSection(SolutionConfigurationPlatforms) = preSolution
		Debug|Any CPU = Debug|Any CPU
		Release|Any CPU = Release|Any CPU
	EndGlobalSection
	GlobalSection(ProjectConfigurationPlatforms) = postSolution
		{1386F7CA-D85C-4CB3-ADF9-9D245756F620}.Debug|Any CPU.ActiveCfg = Debug|Any CPU
		{1386F7CA-D85C-4CB3-ADF9-9D245756F620}.Debug|Any CPU.Build.0 = Debug|Any CPU
		{1386F7CA-D85C-4CB3-ADF9-9D245756F620}.Release|Any CPU.ActiveCfg = Release|Any CPU
		{1386F7CA-D85C-4CB3-ADF9-9D245756F620}.Release|Any CPU.Build.0 = Release|Any CPU
	EndGlobalSection
	GlobalSection(SolutionProperties) = preSolution
		HideSolutionNode = FALSE
	EndGlobalSection
	GlobalSection(ExtensibilityGlobals) = postSolution
		SolutionGuid = {21104FAD-A8D7-4E2A-A851-58D813344E38}
	EndGlobalSection
EndGlobal
